
Microsoft Visual Studio Solution File, Format Version 12.00
# Visual Studio 15
VisualStudioVersion = 15.0.28307.168
MinimumVisualStudioVersion = 10.0.40219.1
Project("{FAE04EC0-301F-11D3-BF4B-00C04F79EFBC}") = "Test01", "Test01\Test01.csproj", "{7B621759-997D-439C-8D92-EDC2BE6C1555}"
EndProject
Global
	GlobalSection(SolutionConfigurationPlatforms) = preSolution
		Debug|Any CPU = Debug|Any CPU
		Release|Any CPU = Release|Any CPU
	EndGlobalSection
	GlobalSection(ProjectConfigurationPlatforms) = postSolution
		{7B621759-997D-439C-8D92-EDC2BE6C1555}.Debug|Any CPU.ActiveCfg = Debug|Any CPU
		{7B621759-997D-439C-8D92-EDC2BE6C1555}.Debug|Any CPU.Build.0 = Debug|Any CPU
		{7B621759-997D-439C-8D92-EDC2BE6C1555}.Release|Any CPU.ActiveCfg = Release|Any CPU
		{7B621759-997D-439C-8D92-EDC2BE6C1555}.Release|Any CPU.Build.0 = Release|Any CPU
	EndGlobalSection
	GlobalSection(SolutionProperties) = preSolution
		HideSolutionNode = FALSE
	EndGlobalSection
	GlobalSection(ExtensibilityGlobals) = postSolution
		SolutionGuid = {92AF4150-D5F2-4C39-BE16-89EF43396940}
	EndGlobalSection
EndGlobal
